Microsoft Visual Studio Solution File, Format Version 12.00
# Visual Studio Version 17
VisualStudioVersion = 17.5.2.0
MinimumVisualStudioVersion = 10.0.40219.1
Project("{FAE04EC0-301F-11D3-BF4B-00C04F79EFBC}") = "mp4ls", "mp4ls.csproj", "{B05869C9-8765-ED10-A5C4-0C5E1EF2172E}"
EndProject
Global
	GlobalSection(SolutionConfigurationPlatforms) = preSolution
		Debug|Any CPU = Debug|Any CPU
		Release|Any CPU = Release|Any CPU
	EndGlobalSection
	GlobalSection(ProjectConfigurationPlatforms) = postSolution
		{B05869C9-8765-ED10-A5C4-0C5E1EF2172E}.Debug|Any CPU.ActiveCfg = Debug|Any CPU
		{B05869C9-8765-ED10-A5C4-0C5E1EF2172E}.Debug|Any CPU.Build.0 = Debug|Any CPU
		{B05869C9-8765-ED10-A5C4-0C5E1EF2172E}.Release|Any CPU.ActiveCfg = Release|Any CPU
		{B05869C9-8765-ED10-A5C4-0C5E1EF2172E}.Release|Any CPU.Build.0 = Release|Any CPU
	EndGlobalSection
	GlobalSection(SolutionProperties) = preSolution
		HideSolutionNode = FALSE
	EndGlobalSection
	GlobalSection(ExtensibilityGlobals) = postSolution
		SolutionGuid = {60067088-D8F1-49E8-B9F5-E9A09BACC45E}
	EndGlobalSection
EndGlobal
